
Microsoft Visual Studio Solution File, Format Version 12.00
# Visual Studio Version 16
VisualStudioVersion = 16.0.31402.337
MinimumVisualStudioVersion = 10.0.40219.1
Project("{FAE04EC0-301F-11D3-BF4B-00C04F79EFBC}") = "InventoryPractice", "InventoryPractice\InventoryPractice.csproj", "{82651D0A-DE34-442B-8399-3354935DF92A}"
EndProject
Global
	GlobalSection(SolutionConfigurationPlatforms) = preSolution
		Debug|Any CPU = Debug|Any CPU
		Release|Any CPU = Release|Any CPU
	EndGlobalSection
	GlobalSection(ProjectConfigurationPlatforms) = postSolution
		{82651D0A-DE34-442B-8399-3354935DF92A}.Debug|Any CPU.ActiveCfg = Debug|Any CPU
		{82651D0A-DE34-442B-8399-3354935DF92A}.Debug|Any CPU.Build.0 = Debug|Any CPU
		{82651D0A-DE34-442B-8399-3354935DF92A}.Release|Any CPU.ActiveCfg = Release|Any CPU
		{82651D0A-DE34-442B-8399-3354935DF92A}.Release|Any CPU.Build.0 = Release|Any CPU
	EndGlobalSection
	GlobalSection(SolutionProperties) = preSolution
		HideSolutionNode = FALSE
	EndGlobalSection
	GlobalSection(ExtensibilityGlobals) = postSolution
		SolutionGuid = {07CF29C7-52AB-43C3-811A-7052CC62911F}
	EndGlobalSection
EndGlobal
